
Microsoft Visual Studio Solution File, Format Version 12.00
# Visual Studio 15
VisualStudioVersion = 15.0.27428.1
MinimumVisualStudioVersion = 10.0.40219.1
Project("{FAE04EC0-301F-11D3-BF4B-00C04F79EFBC}") = "ApiControllers", "ApiControllers\ApiControllers.csproj", "{C1497614-A2A4-4D46-B4CD-5BBCEE5881DD}"
EndProject
Global
	GlobalSection(SolutionConfigurationPlatforms) = preSolution
		Debug|Any CPU = Debug|Any CPU
		Release|Any CPU = Release|Any CPU
	EndGlobalSection
	GlobalSection(ProjectConfigurationPlatforms) = postSolution
		{C1497614-A2A4-4D46-B4CD-5BBCEE5881DD}.Debug|Any CPU.ActiveCfg = Debug|Any CPU
		{C1497614-A2A4-4D46-B4CD-5BBCEE5881DD}.Debug|Any CPU.Build.0 = Debug|Any CPU
		{C1497614-A2A4-4D46-B4CD-5BBCEE5881DD}.Release|Any CPU.ActiveCfg = Release|Any CPU
		{C1497614-A2A4-4D46-B4CD-5BBCEE5881DD}.Release|Any CPU.Build.0 = Release|Any CPU
	EndGlobalSection
	GlobalSection(SolutionProperties) = preSolution
		HideSolutionNode = FALSE
	EndGlobalSection
	GlobalSection(ExtensibilityGlobals) = postSolution
		SolutionGuid = {9832864C-7194-495C-9AC0-4FA4AA666DCB}
	EndGlobalSection
EndGlobal
